
Microsoft Visual Studio Solution File, Format Version 12.00
# Visual Studio 15
VisualStudioVersion = 15.0.27130.2010
MinimumVisualStudioVersion = 10.0.40219.1
Project("{9A19103F-16F7-4668-BE54-9A1E7A4F7556}") = "DNIC.Common", "src\DNIC.Common\DNIC.Common.csproj", "{98929D32-A1A4-44C1-BE69-5E9C22DAEC7C}"
EndProject
Project("{2150E333-8FDC-42A3-9474-1A3956D46DE8}") = "Solution Items", "Solution Items", "{B92B3AF8-8E39-496F-9BCD-ED35FA370F8D}"
	ProjectSection(SolutionItems) = preProject
		nuget\DNIC.Common.nuspec = nuget\DNIC.Common.nuspec
		publish.bat = publish.bat
		publishToNuget.bat = publishToNuget.bat
	EndProjectSection
EndProject
Project("{FAE04EC0-301F-11D3-BF4B-00C04F79EFBC}") = "SampleMvcWeb", "SampleMvcWeb\SampleMvcWeb.csproj", "{C0198F1A-3221-46AF-8D69-67320EE37A20}"
EndProject
Global
	GlobalSection(SolutionConfigurationPlatforms) = preSolution
		Debug|Any CPU = Debug|Any CPU
		Release|Any CPU = Release|Any CPU
	EndGlobalSection
	GlobalSection(ProjectConfigurationPlatforms) = postSolution
		{98929D32-A1A4-44C1-BE69-5E9C22DAEC7C}.Debug|Any CPU.ActiveCfg = Debug|Any CPU
		{98929D32-A1A4-44C1-BE69-5E9C22DAEC7C}.Debug|Any CPU.Build.0 = Debug|Any CPU
		{98929D32-A1A4-44C1-BE69-5E9C22DAEC7C}.Release|Any CPU.ActiveCfg = Release|Any CPU
		{98929D32-A1A4-44C1-BE69-5E9C22DAEC7C}.Release|Any CPU.Build.0 = Release|Any CPU
		{C0198F1A-3221-46AF-8D69-67320EE37A20}.Debug|Any CPU.ActiveCfg = Debug|Any CPU
		{C0198F1A-3221-46AF-8D69-67320EE37A20}.Debug|Any CPU.Build.0 = Debug|Any CPU
		{C0198F1A-3221-46AF-8D69-67320EE37A20}.Release|Any CPU.ActiveCfg = Release|Any CPU
		{C0198F1A-3221-46AF-8D69-67320EE37A20}.Release|Any CPU.Build.0 = Release|Any CPU
	EndGlobalSection
	GlobalSection(SolutionProperties) = preSolution
		HideSolutionNode = FALSE
	EndGlobalSection
	GlobalSection(ExtensibilityGlobals) = postSolution
		SolutionGuid = {4A9A6376-B9A0-49A2-99FF-7DE4F50ACF85}
	EndGlobalSection
EndGlobal
